
Microsoft Visual Studio Solution File, Format Version 12.00
# Visual Studio Version 17
VisualStudioVersion = 17.9.34607.119
MinimumVisualStudioVersion = 10.0.40219.1
Project("{9A19103F-16F7-4668-BE54-9A1E7A4F7556}") = "EpochFlow.CpuMetrics", "EpochFlow.CpuMetrics\EpochFlow.CpuMetrics.csproj", "{D7384DFC-F287-4861-AEB9-090C4750E578}"
EndProject
Project("{9A19103F-16F7-4668-BE54-9A1E7A4F7556}") = "EpochFlow.ApiClient", "EpochFlow.ApiClient\EpochFlow.ApiClient.csproj", "{5DEBEEC4-8A77-47E8-8AFA-58EB6BBF86F8}"
EndProject
Project("{FAE04EC0-301F-11D3-BF4B-00C04F79EFBC}") = "EpochFlow.Toolkit", "EpochFlow.Toolkit\EpochFlow.Toolkit.csproj", "{2FA491E4-D131-4D6D-B89C-61D27717D20F}"
EndProject
Global
	GlobalSection(SolutionConfigurationPlatforms) = preSolution
		Debug|Any CPU = Debug|Any CPU
		Release|Any CPU = Release|Any CPU
	EndGlobalSection
	GlobalSection(ProjectConfigurationPlatforms) = postSolution
		{D7384DFC-F287-4861-AEB9-090C4750E578}.Debug|Any CPU.ActiveCfg = Debug|Any CPU
		{D7384DFC-F287-4861-AEB9-090C4750E578}.Debug|Any CPU.Build.0 = Debug|Any CPU
		{D7384DFC-F287-4861-AEB9-090C4750E578}.Release|Any CPU.ActiveCfg = Release|Any CPU
		{D7384DFC-F287-4861-AEB9-090C4750E578}.Release|Any CPU.Build.0 = Release|Any CPU
		{5DEBEEC4-8A77-47E8-8AFA-58EB6BBF86F8}.Debug|Any CPU.ActiveCfg = Debug|Any CPU
		{5DEBEEC4-8A77-47E8-8AFA-58EB6BBF86F8}.Debug|Any CPU.Build.0 = Debug|Any CPU
		{5DEBEEC4-8A77-47E8-8AFA-58EB6BBF86F8}.Release|Any CPU.ActiveCfg = Release|Any CPU
		{5DEBEEC4-8A77-47E8-8AFA-58EB6BBF86F8}.Release|Any CPU.Build.0 = Release|Any CPU
		{2FA491E4-D131-4D6D-B89C-61D27717D20F}.Debug|Any CPU.ActiveCfg = Debug|Any CPU
		{2FA491E4-D131-4D6D-B89C-61D27717D20F}.Debug|Any CPU.Build.0 = Debug|Any CPU
		{2FA491E4-D131-4D6D-B89C-61D27717D20F}.Release|Any CPU.ActiveCfg = Release|Any CPU
		{2FA491E4-D131-4D6D-B89C-61D27717D20F}.Release|Any CPU.Build.0 = Release|Any CPU
	EndGlobalSection
	GlobalSection(SolutionProperties) = preSolution
		HideSolutionNode = FALSE
	EndGlobalSection
	GlobalSection(ExtensibilityGlobals) = postSolution
		SolutionGuid = {F94C300E-4469-41F8-9E99-F469BCE90CF1}
	EndGlobalSection
EndGlobal
